
Microsoft Visual Studio Solution File, Format Version 12.00
# Visual Studio Version 17
VisualStudioVersion = 17.11.35431.28
MinimumVisualStudioVersion = 10.0.40219.1
Project("{9A19103F-16F7-4668-BE54-9A1E7A4F7556}") = "Unity Interface", "Unity Interface.csproj", "{CE63ADE9-70D8-4947-9162-A862B32756B8}"
EndProject
Global
	GlobalSection(SolutionConfigurationPlatforms) = preSolution
		Debug|Any CPU = Debug|Any CPU
		Release|Any CPU = Release|Any CPU
	EndGlobalSection
	GlobalSection(ProjectConfigurationPlatforms) = postSolution
		{CE63ADE9-70D8-4947-9162-A862B32756B8}.Debug|Any CPU.ActiveCfg = Debug|Any CPU
		{CE63ADE9-70D8-4947-9162-A862B32756B8}.Debug|Any CPU.Build.0 = Debug|Any CPU
		{CE63ADE9-70D8-4947-9162-A862B32756B8}.Release|Any CPU.ActiveCfg = Release|Any CPU
		{CE63ADE9-70D8-4947-9162-A862B32756B8}.Release|Any CPU.Build.0 = Release|Any CPU
	EndGlobalSection
	GlobalSection(SolutionProperties) = preSolution
		HideSolutionNode = FALSE
	EndGlobalSection
	GlobalSection(ExtensibilityGlobals) = postSolution
		SolutionGuid = {710E9077-CCE9-4ED0-97EC-7D6C53702066}
	EndGlobalSection
EndGlobal
